# This file is automatically @generated by Cargo.
# It is not intended for manual editing.
[[package]]
name = "mirai-annotations"
version = "1.4.0"
source = "registry+https://github.com/rust-lang/crates.io-index"

[[package]]
name = "taint_bug"
version = "0.1.0"
dependencies = [
 "untrusted 0.1.0",
]

[[package]]
name = "untrusted"
version = "0.1.0"
dependencies = [
 "mirai-annotations 1.4.0 (registry+https://github.com/rust-lang/crates.io-index)",
]

[metadata]
"checksum mirai-annotations 1.4.0 (registry+https://github.com/rust-lang/crates.io-index)" = "04d2c9c31e9c7fb10c69843da5a44c19f1e2b2896036e0ed3cb526829f53e529"
